// !$*UTF8*$!
{
	archiveVersion = 1;
	classes = {
	};
	objectVersion = 46;
	objects = {

/* Begin PBXBuildFile section */
		8F52FB5119E7CA9000585B40 /* CustomCellSelectedOrders.xib in Resources */ = {isa = PBXBuildFile; fileRef = 8F52FB5019E7CA9000585B40 /* CustomCellSelectedOrders.xib */; };
		8F52FB5319E7DC1000585B40 /* metroAndroid.png in Resources */ = {isa = PBXBuildFile; fileRef = 8F52FB5219E7DC1000585B40 /* metroAndroid.png */; };
		8F5AA8CD19E57B84003AEDED /* OrdersJson.m in Sources */ = {isa = PBXBuildFile; fileRef = 8F5AA8CC19E57B84003AEDED /* OrdersJson.m */; };
		8F5AA8D019E57FAB003AEDED /* OrdersResponse.m in Sources */ = {isa = PBXBuildFile; fileRef = 8F5AA8CF19E57FAB003AEDED /* OrdersResponse.m */; };
		8F5AA8D319E58013003AEDED /* OrdersElements.m in Sources */ = {isa = PBXBuildFile; fileRef = 8F5AA8D219E58013003AEDED /* OrdersElements.m */; };
		8F8D322619E3BC4E003232F7 /* MyriadPro-Regular.otf in Resources */ = {isa = PBXBuildFile; fileRef = 8F8D322319E3BC23003232F7 /* MyriadPro-Regular.otf */; };
		8F8D322719E3BC57003232F7 /* Roboto-Regular.ttf in Resources */ = {isa = PBXBuildFile; fileRef = 8F8D322419E3BC34003232F7 /* Roboto-Regular.ttf */; };
		8F8D322819E3BC67003232F7 /* RobotoCondensed-Bold.ttf in Resources */ = {isa = PBXBuildFile; fileRef = 8F8D322519E3BC41003232F7 /* RobotoCondensed-Bold.ttf */; };
		8F8D322A19E3C7D2003232F7 /* RobotoCondensed-Regular.ttf in Resources */ = {isa = PBXBuildFile; fileRef = 8F8D322919E3C7C2003232F7 /* RobotoCondensed-Regular.ttf */; };
		8F8D322C19E3FA7F003232F7 /* RobotoCondensed-Light.ttf in Resources */ = {isa = PBXBuildFile; fileRef = 8F8D322B19E3FA73003232F7 /* RobotoCondensed-Light.ttf */; };
		8FB6DC9419E6A8E200671A4B /* SelectedOrdersViewController.m in Sources */ = {isa = PBXBuildFile; fileRef = 8FB6DC9319E6A8E200671A4B /* SelectedOrdersViewController.m */; };
		8FB6DC9619E6BB4D00671A4B /* ic_cash_payment_small.png in Resources */ = {isa = PBXBuildFile; fileRef = 8FB6DC9519E6BB4D00671A4B /* ic_cash_payment_small.png */; };
		8FB6DC9819E6BB5500671A4B /* ic_smoking_lounge_small.png in Resources */ = {isa = PBXBuildFile; fileRef = 8FB6DC9719E6BB5500671A4B /* ic_smoking_lounge_small.png */; };
		8FB6DC9D19E6BEA200671A4B /* CustomCellSelectedOrders.m in Sources */ = {isa = PBXBuildFile; fileRef = 8FB6DC9C19E6BEA200671A4B /* CustomCellSelectedOrders.m */; };
		8FCCBBC019E2DDC400BD9BC1 /* chat1@2x.png in Resources */ = {isa = PBXBuildFile; fileRef = 8FCCBBBF19E2DDC400BD9BC1 /* chat1@2x.png */; };
		8FCCBBC219E2DE2600BD9BC1 /* ch@2x.png in Resources */ = {isa = PBXBuildFile; fileRef = 8FCCBBC119E2DE2600BD9BC1 /* ch@2x.png */; };
		8FDF958219DE7E60005A468A /* logo@2x.png in Resources */ = {isa = PBXBuildFile; fileRef = 8FDF958119DE7E60005A468A /* logo@2x.png */; };
		8FE032DE19DE8AD000B17C09 /* CustomCell.xib in Resources */ = {isa = PBXBuildFile; fileRef = 8FE032DD19DE8AD000B17C09 /* CustomCell.xib */; };
		8FE032E419DE8B3600B17C09 /* CustomCell.m in Sources */ = {isa = PBXBuildFile; fileRef = 8FE032E319DE8B3600B17C09 /* CustomCell.m */; };
		8FE032EA19DE97B700B17C09 /* CellObject.m in Sources */ = {isa = PBXBuildFile; fileRef = 8FE032E919DE97B700B17C09 /* CellObject.m */; };
		8FE032EC19DEC80600B17C09 /* ya@2x.png in Resources */ = {isa = PBXBuildFile; fileRef = 8FE032EB19DEC80600B17C09 /* ya@2x.png */; };
		8FE032EE19DEC80D00B17C09 /* phone@2x.png in Resources */ = {isa = PBXBuildFile; fileRef = 8FE032ED19DEC80D00B17C09 /* phone@2x.png */; };
		8FE032F019DEC81B00B17C09 /* gps@2x.png in Resources */ = {isa = PBXBuildFile; fileRef = 8FE032EF19DEC81B00B17C09 /* gps@2x.png */; };
		8FE032F219DEC83B00B17C09 /* icon@2x.png in Resources */ = {isa = PBXBuildFile; fileRef = 8FE032F119DEC83B00B17C09 /* icon@2x.png */; };
		8FE032F419DEC84A00B17C09 /* icon2@2x.png in Resources */ = {isa = PBXBuildFile; fileRef = 8FE032F319DEC84A00B17C09 /* icon2@2x.png */; };
		8FE032F619DEC86900B17C09 /* icon3@2x.png in Resources */ = {isa = PBXBuildFile; fileRef = 8FE032F519DEC86900B17C09 /* icon3@2x.png */; };
		D70428B819D0071F00F5C38C /* main.m in Sources */ = {isa = PBXBuildFile; fileRef = D70428B719D0071F00F5C38C /* main.m */; };
		D70428BB19D0071F00F5C38C /* AppDelegate.m in Sources */ = {isa = PBXBuildFile; fileRef = D70428BA19D0071F00F5C38C /* AppDelegate.m */; };
		D70428BE19D0071F00F5C38C /* RootViewController.m in Sources */ = {isa = PBXBuildFile; fileRef = D70428BD19D0071F00F5C38C /* RootViewController.m */; };
		D70428C119D0071F00F5C38C /* Main.storyboard in Resources */ = {isa = PBXBuildFile; fileRef = D70428BF19D0071F00F5C38C /* Main.storyboard */; };
		D70428C319D0071F00F5C38C /* Images.xcassets in Resources */ = {isa = PBXBuildFile; fileRef = D70428C219D0071F00F5C38C /* Images.xcassets */; };
		D70428C619D0071F00F5C38C /* LaunchScreen.xib in Resources */ = {isa = PBXBuildFile; fileRef = D70428C419D0071F00F5C38C /* LaunchScreen.xib */; };
		D70428D219D0072000F5C38C /* CityMobilDriverTests.m in Sources */ = {isa = PBXBuildFile; fileRef = D70428D119D0072000F5C38C /* CityMobilDriverTests.m */; };
		EC40D43D19E4323C007BA02C /* MailJson.m in Sources */ = {isa = PBXBuildFile; fileRef = EC40D43C19E4323C007BA02C /* MailJson.m */; };
		EC40D44019E43258007BA02C /* MailResponse.m in Sources */ = {isa = PBXBuildFile; fileRef = EC40D43F19E43258007BA02C /* MailResponse.m */; };
		EC40D44419E436C5007BA02C /* MailElements.m in Sources */ = {isa = PBXBuildFile; fileRef = EC40D44319E436C5007BA02C /* MailElements.m */; };
		EC55988B19E5364900877CBC /* SingleDataProvider.m in Sources */ = {isa = PBXBuildFile; fileRef = EC55988A19E5364900877CBC /* SingleDataProvider.m */; };
		ECB1C16B19E284000027F482 /* MessagesViewController.m in Sources */ = {isa = PBXBuildFile; fileRef = ECB1C16A19E284000027F482 /* MessagesViewController.m */; };
		ECB1C16D19E2A19A0027F482 /* MessagesCell.xib in Resources */ = {isa = PBXBuildFile; fileRef = ECB1C16C19E2A19A0027F482 /* MessagesCell.xib */; };
		ECB1C17019E2AB730027F482 /* MessagesCell.m in Sources */ = {isa = PBXBuildFile; fileRef = ECB1C16F19E2AB730027F482 /* MessagesCell.m */; };
		ECBB5A9D19D457F5009A151D /* LeftViewCellObject.m in Sources */ = {isa = PBXBuildFile; fileRef = ECBB5A9C19D457F5009A151D /* LeftViewCellObject.m */; };
		ECCA90A319DEE2060007831F /* JSONModel.m in Sources */ = {isa = PBXBuildFile; fileRef = ECCA908C19DEE2050007831F /* JSONModel.m */; };
		ECCA90A419DEE2060007831F /* JSONModelArray.m in Sources */ = {isa = PBXBuildFile; fileRef = ECCA908E19DEE2050007831F /* JSONModelArray.m */; };
		ECCA90A519DEE2060007831F /* JSONModelClassProperty.m in Sources */ = {isa = PBXBuildFile; fileRef = ECCA909019DEE2060007831F /* JSONModelClassProperty.m */; };
		ECCA90A619DEE2060007831F /* JSONModelError.m in Sources */ = {isa = PBXBuildFile; fileRef = ECCA909219DEE2060007831F /* JSONModelError.m */; };
		ECCA90A719DEE2060007831F /* NSArray+JSONModel.m in Sources */ = {isa = PBXBuildFile; fileRef = ECCA909519DEE2060007831F /* NSArray+JSONModel.m */; };
		ECCA90A819DEE2060007831F /* JSONAPI.m in Sources */ = {isa = PBXBuildFile; fileRef = ECCA909919DEE2060007831F /* JSONAPI.m */; };
		ECCA90A919DEE2060007831F /* JSONHTTPClient.m in Sources */ = {isa = PBXBuildFile; fileRef = ECCA909B19DEE2060007831F /* JSONHTTPClient.m */; };
		ECCA90AA19DEE2060007831F /* JSONModel+networking.m in Sources */ = {isa = PBXBuildFile; fileRef = ECCA909D19DEE2060007831F /* JSONModel+networking.m */; };
		ECCA90AB19DEE2060007831F /* JSONKeyMapper.m in Sources */ = {isa = PBXBuildFile; fileRef = ECCA90A019DEE2060007831F /* JSONKeyMapper.m */; };
		ECCA90AC19DEE2060007831F /* JSONValueTransformer.m in Sources */ = {isa = PBXBuildFile; fileRef = ECCA90A219DEE2060007831F /* JSONValueTransformer.m */; };
		ECCA90B219DEE3B90007831F /* LoginJson.m in Sources */ = {isa = PBXBuildFile; fileRef = ECCA90AF19DEE3B90007831F /* LoginJson.m */; };
		ECCA90B319DEE3B90007831F /* LoginResponse.m in Sources */ = {isa = PBXBuildFile; fileRef = ECCA90B119DEE3B90007831F /* LoginResponse.m */; };
		ECE2553719DBF1E9000BD8C9 /* bg.png in Resources */ = {isa = PBXBuildFile; fileRef = ECE2553619DBF1E9000BD8C9 /* bg.png */; };
		ECF40D5619D2D3C800699A2F /* LoginViewController.m in Sources */ = {isa = PBXBuildFile; fileRef = ECF40D5519D2D3C800699A2F /* LoginViewController.m */; };
		ECF40D5919D2DD3900699A2F /* UINavigationController+UINavigationController_shouldAutorotate.m in Sources */ = {isa = PBXBuildFile; fileRef = ECF40D5819D2DD3900699A2F /* UINavigationController+UINavigationController_shouldAutorotate.m */; };
/* End PBXBuildFile section */

/* Begin PBXContainerItemProxy section */
		D70428CC19D0072000F5C38C /* PBXContainerItemProxy */ = {
			isa = PBXContainerItemProxy;
			containerPortal = D70428AA19D0071F00F5C38C /* Project object */;
			proxyType = 1;
			remoteGlobalIDString = D70428B119D0071F00F5C38C;
			remoteInfo = CityMobilDriver;
		};
/* End PBXContainerItemProxy section */

/* Begin PBXFileReference section */
		8F52FB5019E7CA9000585B40 /* CustomCellSelectedOrders.xib */ = {isa = PBXFileReference; fileEncoding = 4; lastKnownFileType = file.xib; name = CustomCellSelectedOrders.xib; path = ../CustomCellSelectedOrders.xib; sourceTree = "<group>"; };
		8F52FB5219E7DC1000585B40 /* metroAndroid.png */ = {isa = PBXFileReference; lastKnownFileType = image.png; path = metroAndroid.png; sourceTree = "<group>"; };
		8F5AA8CB19E57B84003AEDED /* OrdersJson.h */ = {isa = PBXFileReference; fileEncoding = 4; lastKnownFileType = sourcecode.c.h; path = OrdersJson.h; sourceTree = "<group>"; };
		8F5AA8CC19E57B84003AEDED /* OrdersJson.m */ = {isa = PBXFileReference; fileEncoding = 4; lastKnownFileType = sourcecode.c.objc; path = OrdersJson.m; sourceTree = "<group>"; };
		8F5AA8CE19E57FAB003AEDED /* OrdersResponse.h */ = {isa = PBXFileReference; fileEncoding = 4; lastKnownFileType = sourcecode.c.h; path = OrdersResponse.h; sourceTree = "<group>"; };
		8F5AA8CF19E57FAB003AEDED /* OrdersResponse.m */ = {isa = PBXFileReference; fileEncoding = 4; lastKnownFileType = sourcecode.c.objc; path = OrdersResponse.m; sourceTree = "<group>"; };
		8F5AA8D119E58013003AEDED /* OrdersElements.h */ = {isa = PBXFileReference; fileEncoding = 4; lastKnownFileType = sourcecode.c.h; path = OrdersElements.h; sourceTree = "<group>"; };
		8F5AA8D219E58013003AEDED /* OrdersElements.m */ = {isa = PBXFileReference; fileEncoding = 4; lastKnownFileType = sourcecode.c.objc; path = OrdersElements.m; sourceTree = "<group>"; };
		8F8D322319E3BC23003232F7 /* MyriadPro-Regular.otf */ = {isa = PBXFileReference; lastKnownFileType = file; path = "MyriadPro-Regular.otf"; sourceTree = "<group>"; };
		8F8D322419E3BC34003232F7 /* Roboto-Regular.ttf */ = {isa = PBXFileReference; lastKnownFileType = file; path = "Roboto-Regular.ttf"; sourceTree = "<group>"; };
		8F8D322519E3BC41003232F7 /* RobotoCondensed-Bold.ttf */ = {isa = PBXFileReference; lastKnownFileType = file; path = "RobotoCondensed-Bold.ttf"; sourceTree = "<group>"; };
		8F8D322919E3C7C2003232F7 /* RobotoCondensed-Regular.ttf */ = {isa = PBXFileReference; lastKnownFileType = file; path = "RobotoCondensed-Regular.ttf"; sourceTree = "<group>"; };
		8F8D322B19E3FA73003232F7 /* RobotoCondensed-Light.ttf */ = {isa = PBXFileReference; lastKnownFileType = file; path = "RobotoCondensed-Light.ttf"; sourceTree = "<group>"; };
		8FB6DC9219E6A8E200671A4B /* SelectedOrdersViewController.h */ = {isa = PBXFileReference; fileEncoding = 4; lastKnownFileType = sourcecode.c.h; path = SelectedOrdersViewController.h; sourceTree = "<group>"; };
		8FB6DC9319E6A8E200671A4B /* SelectedOrdersViewController.m */ = {isa = PBXFileReference; fileEncoding = 4; lastKnownFileType = sourcecode.c.objc; path = SelectedOrdersViewController.m; sourceTree = "<group>"; };
		8FB6DC9519E6BB4D00671A4B /* ic_cash_payment_small.png */ = {isa = PBXFileReference; lastKnownFileType = image.png; path = ic_cash_payment_small.png; sourceTree = "<group>"; };
		8FB6DC9719E6BB5500671A4B /* ic_smoking_lounge_small.png */ = {isa = PBXFileReference; lastKnownFileType = image.png; path = ic_smoking_lounge_small.png; sourceTree = "<group>"; };
		8FB6DC9B19E6BEA200671A4B /* CustomCellSelectedOrders.h */ = {isa = PBXFileReference; fileEncoding = 4; lastKnownFileType = sourcecode.c.h; path = CustomCellSelectedOrders.h; sourceTree = "<group>"; };
		8FB6DC9C19E6BEA200671A4B /* CustomCellSelectedOrders.m */ = {isa = PBXFileReference; fileEncoding = 4; lastKnownFileType = sourcecode.c.objc; path = CustomCellSelectedOrders.m; sourceTree = "<group>"; };
		8FCCBBBF19E2DDC400BD9BC1 /* chat1@2x.png */ = {isa = PBXFileReference; lastKnownFileType = image.png; path = "chat1@2x.png"; sourceTree = "<group>"; };
		8FCCBBC119E2DE2600BD9BC1 /* ch@2x.png */ = {isa = PBXFileReference; lastKnownFileType = image.png; path = "ch@2x.png"; sourceTree = "<group>"; };
		8FDF958119DE7E60005A468A /* logo@2x.png */ = {isa = PBXFileReference; lastKnownFileType = image.png; path = "logo@2x.png"; sourceTree = "<group>"; };
		8FE032DD19DE8AD000B17C09 /* CustomCell.xib */ = {isa = PBXFileReference; fileEncoding = 4; lastKnownFileType = file.xib; path = CustomCell.xib; sourceTree = "<group>"; };
		8FE032E219DE8B3600B17C09 /* CustomCell.h */ = {isa = PBXFileReference; fileEncoding = 4; lastKnownFileType = sourcecode.c.h; name = CustomCell.h; path = ../CustomCell.h; sourceTree = "<group>"; };
		8FE032E319DE8B3600B17C09 /* CustomCell.m */ = {isa = PBXFileReference; fileEncoding = 4; lastKnownFileType = sourcecode.c.objc; name = CustomCell.m; path = ../CustomCell.m; sourceTree = "<group>"; };
		8FE032E819DE97B700B17C09 /* CellObject.h */ = {isa = PBXFileReference; fileEncoding = 4; lastKnownFileType = sourcecode.c.h; path = CellObject.h; sourceTree = "<group>"; };
		8FE032E919DE97B700B17C09 /* CellObject.m */ = {isa = PBXFileReference; fileEncoding = 4; lastKnownFileType = sourcecode.c.objc; path = CellObject.m; sourceTree = "<group>"; };
		8FE032EB19DEC80600B17C09 /* ya@2x.png */ = {isa = PBXFileReference; lastKnownFileType = image.png; path = "ya@2x.png"; sourceTree = "<group>"; };
		8FE032ED19DEC80D00B17C09 /* phone@2x.png */ = {isa = PBXFileReference; lastKnownFileType = image.png; path = "phone@2x.png"; sourceTree = "<group>"; };
		8FE032EF19DEC81B00B17C09 /* gps@2x.png */ = {isa = PBXFileReference; lastKnownFileType = image.png; path = "gps@2x.png"; sourceTree = "<group>"; };
		8FE032F119DEC83B00B17C09 /* icon@2x.png */ = {isa = PBXFileReference; lastKnownFileType = image.png; path = "icon@2x.png"; sourceTree = "<group>"; };
		8FE032F319DEC84A00B17C09 /* icon2@2x.png */ = {isa = PBXFileReference; lastKnownFileType = image.png; path = "icon2@2x.png"; sourceTree = "<group>"; };
		8FE032F519DEC86900B17C09 /* icon3@2x.png */ = {isa = PBXFileReference; lastKnownFileType = image.png; path = "icon3@2x.png"; sourceTree = "<group>"; };
		D70428B219D0071F00F5C38C /* CityMobilDriver.app */ = {isa = PBXFileReference; explicitFileType = wrapper.application; includeInIndex = 0; path = CityMobilDriver.app; sourceTree = BUILT_PRODUCTS_DIR; };
		D70428B619D0071F00F5C38C /* Info.plist */ = {isa = PBXFileReference; lastKnownFileType = text.plist.xml; path = Info.plist; sourceTree = "<group>"; };
		D70428B719D0071F00F5C38C /* main.m */ = {isa = PBXFileReference; lastKnownFileType = sourcecode.c.objc; path = main.m; sourceTree = "<group>"; };
		D70428B919D0071F00F5C38C /* AppDelegate.h */ = {isa = PBXFileReference; lastKnownFileType = sourcecode.c.h; path = AppDelegate.h; sourceTree = "<group>"; };
		D70428BA19D0071F00F5C38C /* AppDelegate.m */ = {isa = PBXFileReference; lastKnownFileType = sourcecode.c.objc; path = AppDelegate.m; sourceTree = "<group>"; };
		D70428BC19D0071F00F5C38C /* RootViewController.h */ = {isa = PBXFileReference; lastKnownFileType = sourcecode.c.h; path = RootViewController.h; sourceTree = "<group>"; };
		D70428BD19D0071F00F5C38C /* RootViewController.m */ = {isa = PBXFileReference; lastKnownFileType = sourcecode.c.objc; path = RootViewController.m; sourceTree = "<group>"; };
		D70428C019D0071F00F5C38C /* Base */ = {isa = PBXFileReference; lastKnownFileType = file.storyboard; name = Base; path = Base.lproj/Main.storyboard; sourceTree = "<group>"; };
		D70428C219D0071F00F5C38C /* Images.xcassets */ = {isa = PBXFileReference; lastKnownFileType = folder.assetcatalog; path = Images.xcassets; sourceTree = "<group>"; };
		D70428C519D0071F00F5C38C /* Base */ = {isa = PBXFileReference; lastKnownFileType = file.xib; name = Base; path = Base.lproj/LaunchScreen.xib; sourceTree = "<group>"; };
		D70428CB19D0072000F5C38C /* CityMobilDriverTests.xctest */ = {isa = PBXFileReference; explicitFileType = wrapper.cfbundle; includeInIndex = 0; path = CityMobilDriverTests.xctest; sourceTree = BUILT_PRODUCTS_DIR; };
		D70428D019D0072000F5C38C /* Info.plist */ = {isa = PBXFileReference; lastKnownFileType = text.plist.xml; path = Info.plist; sourceTree = "<group>"; };
		D70428D119D0072000F5C38C /* CityMobilDriverTests.m */ = {isa = PBXFileReference; lastKnownFileType = sourcecode.c.objc; path = CityMobilDriverTests.m; sourceTree = "<group>"; };
		EC40D43B19E4323C007BA02C /* MailJson.h */ = {isa = PBXFileReference; fileEncoding = 4; lastKnownFileType = sourcecode.c.h; path = MailJson.h; sourceTree = "<group>"; };
		EC40D43C19E4323C007BA02C /* MailJson.m */ = {isa = PBXFileReference; fileEncoding = 4; lastKnownFileType = sourcecode.c.objc; path = MailJson.m; sourceTree = "<group>"; };
		EC40D43E19E43258007BA02C /* MailResponse.h */ = {isa = PBXFileReference; fileEncoding = 4; lastKnownFileType = sourcecode.c.h; path = MailResponse.h; sourceTree = "<group>"; };
		EC40D43F19E43258007BA02C /* MailResponse.m */ = {isa = PBXFileReference; fileEncoding = 4; lastKnownFileType = sourcecode.c.objc; path = MailResponse.m; sourceTree = "<group>"; };
		EC40D44219E436C5007BA02C /* MailElements.h */ = {isa = PBXFileReference; fileEncoding = 4; lastKnownFileType = sourcecode.c.h; path = MailElements.h; sourceTree = "<group>"; };
		EC40D44319E436C5007BA02C /* MailElements.m */ = {isa = PBXFileReference; fileEncoding = 4; lastKnownFileType = sourcecode.c.objc; path = MailElements.m; sourceTree = "<group>"; };
		EC55988919E5364900877CBC /* SingleDataProvider.h */ = {isa = PBXFileReference; fileEncoding = 4; lastKnownFileType = sourcecode.c.h; path = SingleDataProvider.h; sourceTree = "<group>"; };
		EC55988A19E5364900877CBC /* SingleDataProvider.m */ = {isa = PBXFileReference; fileEncoding = 4; lastKnownFileType = sourcecode.c.objc; path = SingleDataProvider.m; sourceTree = "<group>"; };
		EC72C57319E3E49500676A68 /* MessagesViewController.h */ = {isa = PBXFileReference; fileEncoding = 4; lastKnownFileType = sourcecode.c.h; path = MessagesViewController.h; sourceTree = SOURCE_ROOT; };
		ECB1C16A19E284000027F482 /* MessagesViewController.m */ = {isa = PBXFileReference; fileEncoding = 4; lastKnownFileType = sourcecode.c.objc; name = MessagesViewController.m; path = ../MessagesViewController.m; sourceTree = "<group>"; };
		ECB1C16C19E2A19A0027F482 /* MessagesCell.xib */ = {isa = PBXFileReference; fileEncoding = 4; lastKnownFileType = file.xib; name = MessagesCell.xib; path = ../MessagesCell.xib; sourceTree = "<group>"; };
		ECB1C16E19E2AB730027F482 /* MessagesCell.h */ = {isa = PBXFileReference; fileEncoding = 4; lastKnownFileType = sourcecode.c.h; name = MessagesCell.h; path = ../MessagesCell.h; sourceTree = "<group>"; };
		ECB1C16F19E2AB730027F482 /* MessagesCell.m */ = {isa = PBXFileReference; fileEncoding = 4; lastKnownFileType = sourcecode.c.objc; name = MessagesCell.m; path = ../MessagesCell.m; sourceTree = "<group>"; };
		ECBB5A9B19D457F5009A151D /* LeftViewCellObject.h */ = {isa = PBXFileReference; fileEncoding = 4; lastKnownFileType = sourcecode.c.h; path = LeftViewCellObject.h; sourceTree = "<group>"; };
		ECBB5A9C19D457F5009A151D /* LeftViewCellObject.m */ = {isa = PBXFileReference; fileEncoding = 4; lastKnownFileType = sourcecode.c.objc; path = LeftViewCellObject.m; sourceTree = "<group>"; };
		ECCA908B19DEE2050007831F /* JSONModel.h */ = {isa = PBXFileReference; fileEncoding = 4; lastKnownFileType = sourcecode.c.h; path = JSONModel.h; sourceTree = "<group>"; };
		ECCA908C19DEE2050007831F /* JSONModel.m */ = {isa = PBXFileReference; fileEncoding = 4; lastKnownFileType = sourcecode.c.objc; path = JSONModel.m; sourceTree = "<group>"; };
		ECCA908D19DEE2050007831F /* JSONModelArray.h */ = {isa = PBXFileReference; fileEncoding = 4; lastKnownFileType = sourcecode.c.h; path = JSONModelArray.h; sourceTree = "<group>"; };
		ECCA908E19DEE2050007831F /* JSONModelArray.m */ = {isa = PBXFileReference; fileEncoding = 4; lastKnownFileType = sourcecode.c.objc; path = JSONModelArray.m; sourceTree = "<group>"; };
		ECCA908F19DEE2050007831F /* JSONModelClassProperty.h */ = {isa = PBXFileReference; fileEncoding = 4; lastKnownFileType = sourcecode.c.h; path = JSONModelClassProperty.h; sourceTree = "<group>"; };
		ECCA909019DEE2060007831F /* JSONModelClassProperty.m */ = {isa = PBXFileReference; fileEncoding = 4; lastKnownFileType = sourcecode.c.objc; path = JSONModelClassProperty.m; sourceTree = "<group>"; };
		ECCA909119DEE2060007831F /* JSONModelError.h */ = {isa = PBXFileReference; fileEncoding = 4; lastKnownFileType = sourcecode.c.h; path = JSONModelError.h; sourceTree = "<group>"; };
		ECCA909219DEE2060007831F /* JSONModelError.m */ = {isa = PBXFileReference; fileEncoding = 4; lastKnownFileType = sourcecode.c.objc; path = JSONModelError.m; sourceTree = "<group>"; };
		ECCA909419DEE2060007831F /* NSArray+JSONModel.h */ = {isa = PBXFileReference; fileEncoding = 4; lastKnownFileType = sourcecode.c.h; path = "NSArray+JSONModel.h"; sourceTree = "<group>"; };
		ECCA909519DEE2060007831F /* NSArray+JSONModel.m */ = {isa = PBXFileReference; fileEncoding = 4; lastKnownFileType = sourcecode.c.objc; path = "NSArray+JSONModel.m"; sourceTree = "<group>"; };
		ECCA909619DEE2060007831F /* JSONModelLib.h */ = {isa = PBXFileReference; fileEncoding = 4; lastKnownFileType = sourcecode.c.h; path = JSONModelLib.h; sourceTree = "<group>"; };
		ECCA909819DEE2060007831F /* JSONAPI.h */ = {isa = PBXFileReference; fileEncoding = 4; lastKnownFileType = sourcecode.c.h; path = JSONAPI.h; sourceTree = "<group>"; };
		ECCA909919DEE2060007831F /* JSONAPI.m */ = {isa = PBXFileReference; fileEncoding = 4; lastKnownFileType = sourcecode.c.objc; path = JSONAPI.m; sourceTree = "<group>"; };
		ECCA909A19DEE2060007831F /* JSONHTTPClient.h */ = {isa = PBXFileReference; fileEncoding = 4; lastKnownFileType = sourcecode.c.h; path = JSONHTTPClient.h; sourceTree = "<group>"; };
		ECCA909B19DEE2060007831F /* JSONHTTPClient.m */ = {isa = PBXFileReference; fileEncoding = 4; lastKnownFileType = sourcecode.c.objc; path = JSONHTTPClient.m; sourceTree = "<group>"; };
		ECCA909C19DEE2060007831F /* JSONModel+networking.h */ = {isa = PBXFileReference; fileEncoding = 4; lastKnownFileType = sourcecode.c.h; path = "JSONModel+networking.h"; sourceTree = "<group>"; };
		ECCA909D19DEE2060007831F /* JSONModel+networking.m */ = {isa = PBXFileReference; fileEncoding = 4; lastKnownFileType = sourcecode.c.objc; path = "JSONModel+networking.m"; sourceTree = "<group>"; };
		ECCA909F19DEE2060007831F /* JSONKeyMapper.h */ = {isa = PBXFileReference; fileEncoding = 4; lastKnownFileType = sourcecode.c.h; path = JSONKeyMapper.h; sourceTree = "<group>"; };
		ECCA90A019DEE2060007831F /* JSONKeyMapper.m */ = {isa = PBXFileReference; fileEncoding = 4; lastKnownFileType = sourcecode.c.objc; path = JSONKeyMapper.m; sourceTree = "<group>"; };
		ECCA90A119DEE2060007831F /* JSONValueTransformer.h */ = {isa = PBXFileReference; fileEncoding = 4; lastKnownFileType = sourcecode.c.h; path = JSONValueTransformer.h; sourceTree = "<group>"; };
		ECCA90A219DEE2060007831F /* JSONValueTransformer.m */ = {isa = PBXFileReference; fileEncoding = 4; lastKnownFileType = sourcecode.c.objc; path = JSONValueTransformer.m; sourceTree = "<group>"; };
		ECCA90AE19DEE3B90007831F /* LoginJson.h */ = {isa = PBXFileReference; fileEncoding = 4; lastKnownFileType = sourcecode.c.h; path = LoginJson.h; sourceTree = "<group>"; };
		ECCA90AF19DEE3B90007831F /* LoginJson.m */ = {isa = PBXFileReference; fileEncoding = 4; lastKnownFileType = sourcecode.c.objc; path = LoginJson.m; sourceTree = "<group>"; };
		ECCA90B019DEE3B90007831F /* LoginResponse.h */ = {isa = PBXFileReference; fileEncoding = 4; lastKnownFileType = sourcecode.c.h; path = LoginResponse.h; sourceTree = "<group>"; };
		ECCA90B119DEE3B90007831F /* LoginResponse.m */ = {isa = PBXFileReference; fileEncoding = 4; lastKnownFileType = sourcecode.c.objc; path = LoginResponse.m; sourceTree = "<group>"; };
		ECE2553619DBF1E9000BD8C9 /* bg.png */ = {isa = PBXFileReference; lastKnownFileType = image.png; path = bg.png; sourceTree = "<group>"; };
		ECF40D5419D2D3C800699A2F /* LoginViewController.h */ = {isa = PBXFileReference; fileEncoding = 4; lastKnownFileType = sourcecode.c.h; name = LoginViewController.h; path = ../LoginViewController.h; sourceTree = "<group>"; };
		ECF40D5519D2D3C800699A2F /* LoginViewController.m */ = {isa = PBXFileReference; fileEncoding = 4; lastKnownFileType = sourcecode.c.objc; name = LoginViewController.m; path = ../LoginViewController.m; sourceTree = "<group>"; };
		ECF40D5719D2DD3900699A2F /* UINavigationController+UINavigationController_shouldAutorotate.h */ = {isa = PBXFileReference; fileEncoding = 4; lastKnownFileType = sourcecode.c.h; path = "UINavigationController+UINavigationController_shouldAutorotate.h"; sourceTree = "<group>"; };
		ECF40D5819D2DD3900699A2F /* UINavigationController+UINavigationController_shouldAutorotate.m */ = {isa = PBXFileReference; fileEncoding = 4; lastKnownFileType = sourcecode.c.objc; path = "UINavigationController+UINavigationController_shouldAutorotate.m"; sourceTree = "<group>"; };
/* End PBXFileReference section */

/* Begin PBXFrameworksBuildPhase section */
		D70428AF19D0071F00F5C38C /* Frameworks */ = {
			isa = PBXFrameworksBuildPhase;
			buildActionMask = 2147483647;
			files = (
			);
			runOnlyForDeploymentPostprocessing = 0;
		};
		D70428C819D0072000F5C38C /* Frameworks */ = {
			isa = PBXFrameworksBuildPhase;
			buildActionMask = 2147483647;
			files = (
			);
			runOnlyForDeploymentPostprocessing = 0;
		};
/* End PBXFrameworksBuildPhase section */

/* Begin PBXGroup section */
		8F5AA8CA19E57B55003AEDED /* Orders */ = {
			isa = PBXGroup;
			children = (
				8F5AA8CB19E57B84003AEDED /* OrdersJson.h */,
				8F5AA8CC19E57B84003AEDED /* OrdersJson.m */,
				8F5AA8CE19E57FAB003AEDED /* OrdersResponse.h */,
				8F5AA8CF19E57FAB003AEDED /* OrdersResponse.m */,
				8F5AA8D119E58013003AEDED /* OrdersElements.h */,
				8F5AA8D219E58013003AEDED /* OrdersElements.m */,
			);
			name = Orders;
			sourceTree = "<group>";
		};
		D70428A919D0071F00F5C38C = {
			isa = PBXGroup;
			children = (
				EC55988819E535D000877CBC /* Single Data Provider */,
				EC40D44119E43490007BA02C /* Mail */,
				ECCA90AD19DEE3920007831F /* Login */,
				ECCA908919DEE2050007831F /* JSONModel */,
				ECBB5A9B19D457F5009A151D /* LeftViewCellObject.h */,
				ECBB5A9C19D457F5009A151D /* LeftViewCellObject.m */,
				ECF40D5719D2DD3900699A2F /* UINavigationController+UINavigationController_shouldAutorotate.h */,
				ECF40D5819D2DD3900699A2F /* UINavigationController+UINavigationController_shouldAutorotate.m */,
				D70428B419D0071F00F5C38C /* CityMobilDriver */,
				D70428CE19D0072000F5C38C /* CityMobilDriverTests */,
				D70428B319D0071F00F5C38C /* Products */,
				8FDF958119DE7E60005A468A /* logo@2x.png */,
				8FE032EB19DEC80600B17C09 /* ya@2x.png */,
				8FE032ED19DEC80D00B17C09 /* phone@2x.png */,
				8FE032EF19DEC81B00B17C09 /* gps@2x.png */,
				8F8D322919E3C7C2003232F7 /* RobotoCondensed-Regular.ttf */,
				8FE032F119DEC83B00B17C09 /* icon@2x.png */,
				8FE032F319DEC84A00B17C09 /* icon2@2x.png */,
				8FE032F519DEC86900B17C09 /* icon3@2x.png */,
				8F52FB5219E7DC1000585B40 /* metroAndroid.png */,
				8F8D322B19E3FA73003232F7 /* RobotoCondensed-Light.ttf */,
				8FCCBBBF19E2DDC400BD9BC1 /* chat1@2x.png */,
				8FB6DC9719E6BB5500671A4B /* ic_smoking_lounge_small.png */,
				8FB6DC9519E6BB4D00671A4B /* ic_cash_payment_small.png */,
				8FCCBBC119E2DE2600BD9BC1 /* ch@2x.png */,
				8F8D322319E3BC23003232F7 /* MyriadPro-Regular.otf */,
				8F8D322419E3BC34003232F7 /* Roboto-Regular.ttf */,
				8F8D322519E3BC41003232F7 /* RobotoCondensed-Bold.ttf */,
			);
			sourceTree = "<group>";
		};
		D70428B319D0071F00F5C38C /* Products */ = {
			isa = PBXGroup;
			children = (
				D70428B219D0071F00F5C38C /* CityMobilDriver.app */,
				D70428CB19D0072000F5C38C /* CityMobilDriverTests.xctest */,
			);
			name = Products;
			sourceTree = "<group>";
		};
		D70428B419D0071F00F5C38C /* CityMobilDriver */ = {
			isa = PBXGroup;
			children = (
				D70428B919D0071F00F5C38C /* AppDelegate.h */,
				D70428BA19D0071F00F5C38C /* AppDelegate.m */,
				8FE032E819DE97B700B17C09 /* CellObject.h */,
				8FE032E919DE97B700B17C09 /* CellObject.m */,
				ECF40D5419D2D3C800699A2F /* LoginViewController.h */,
				ECE2553619DBF1E9000BD8C9 /* bg.png */,
				ECF40D5519D2D3C800699A2F /* LoginViewController.m */,
				D70428BC19D0071F00F5C38C /* RootViewController.h */,
				D70428BD19D0071F00F5C38C /* RootViewController.m */,
				8FB6DC9219E6A8E200671A4B /* SelectedOrdersViewController.h */,
				8FB6DC9319E6A8E200671A4B /* SelectedOrdersViewController.m */,
				EC72C57319E3E49500676A68 /* MessagesViewController.h */,
				ECB1C16A19E284000027F482 /* MessagesViewController.m */,
				D70428BF19D0071F00F5C38C /* Main.storyboard */,
				8FB6DC9B19E6BEA200671A4B /* CustomCellSelectedOrders.h */,
				8FB6DC9C19E6BEA200671A4B /* CustomCellSelectedOrders.m */,
				8F52FB5019E7CA9000585B40 /* CustomCellSelectedOrders.xib */,
				8FE032DD19DE8AD000B17C09 /* CustomCell.xib */,
				8FE032E219DE8B3600B17C09 /* CustomCell.h */,
				8FE032E319DE8B3600B17C09 /* CustomCell.m */,
				ECB1C16E19E2AB730027F482 /* MessagesCell.h */,
				ECB1C16F19E2AB730027F482 /* MessagesCell.m */,
				ECB1C16C19E2A19A0027F482 /* MessagesCell.xib */,
				D70428C219D0071F00F5C38C /* Images.xcassets */,
				D70428C419D0071F00F5C38C /* LaunchScreen.xib */,
				D70428B519D0071F00F5C38C /* Supporting Files */,
			);
			path = CityMobilDriver;
			sourceTree = "<group>";
		};
		D70428B519D0071F00F5C38C /* Supporting Files */ = {
			isa = PBXGroup;
			children = (
				D70428B619D0071F00F5C38C /* Info.plist */,
				D70428B719D0071F00F5C38C /* main.m */,
			);
			name = "Supporting Files";
			sourceTree = "<group>";
		};
		D70428CE19D0072000F5C38C /* CityMobilDriverTests */ = {
			isa = PBXGroup;
			children = (
				D70428D119D0072000F5C38C /* CityMobilDriverTests.m */,
				D70428CF19D0072000F5C38C /* Supporting Files */,
			);
			path = CityMobilDriverTests;
			sourceTree = "<group>";
		};
		D70428CF19D0072000F5C38C /* Supporting Files */ = {
			isa = PBXGroup;
			children = (
				D70428D019D0072000F5C38C /* Info.plist */,
			);
			name = "Supporting Files";
			sourceTree = "<group>";
		};
		EC40D44119E43490007BA02C /* Mail */ = {
			isa = PBXGroup;
			children = (
				EC40D44219E436C5007BA02C /* MailElements.h */,
				EC40D44319E436C5007BA02C /* MailElements.m */,
				EC40D43E19E43258007BA02C /* MailResponse.h */,
				EC40D43F19E43258007BA02C /* MailResponse.m */,
				EC40D43B19E4323C007BA02C /* MailJson.h */,
				EC40D43C19E4323C007BA02C /* MailJson.m */,
			);
			name = Mail;
			sourceTree = "<group>";
		};
		EC55988819E535D000877CBC /* Single Data Provider */ = {
			isa = PBXGroup;
			children = (
				EC55988919E5364900877CBC /* SingleDataProvider.h */,
				EC55988A19E5364900877CBC /* SingleDataProvider.m */,
				8F5AA8CA19E57B55003AEDED /* Orders */,
			);
			name = "Single Data Provider";
			sourceTree = "<group>";
		};
		ECCA908919DEE2050007831F /* JSONModel */ = {
			isa = PBXGroup;
			children = (
				ECCA908A19DEE2050007831F /* JSONModel */,
				ECCA909319DEE2060007831F /* JSONModelCategories */,
				ECCA909619DEE2060007831F /* JSONModelLib.h */,
				ECCA909719DEE2060007831F /* JSONModelNetworking */,
				ECCA909E19DEE2060007831F /* JSONModelTransformations */,
			);
			path = JSONModel;
			sourceTree = "<group>";
		};
		ECCA908A19DEE2050007831F /* JSONModel */ = {
			isa = PBXGroup;
			children = (
				ECCA908B19DEE2050007831F /* JSONModel.h */,
				ECCA908C19DEE2050007831F /* JSONModel.m */,
				ECCA908D19DEE2050007831F /* JSONModelArray.h */,
				ECCA908E19DEE2050007831F /* JSONModelArray.m */,
				ECCA908F19DEE2050007831F /* JSONModelClassProperty.h */,
				ECCA909019DEE2060007831F /* JSONModelClassProperty.m */,
				ECCA909119DEE2060007831F /* JSONModelError.h */,
				ECCA909219DEE2060007831F /* JSONModelError.m */,
			);
			path = JSONModel;
			sourceTree = "<group>";
		};
		ECCA909319DEE2060007831F /* JSONModelCategories */ = {
			isa = PBXGroup;
			children = (
				ECCA909419DEE2060007831F /* NSArray+JSONModel.h */,
				ECCA909519DEE2060007831F /* NSArray+JSONModel.m */,
			);
			path = JSONModelCategories;
			sourceTree = "<group>";
		};
		ECCA909719DEE2060007831F /* JSONModelNetworking */ = {
			isa = PBXGroup;
			children = (
				ECCA909819DEE2060007831F /* JSONAPI.h */,
				ECCA909919DEE2060007831F /* JSONAPI.m */,
				ECCA909A19DEE2060007831F /* JSONHTTPClient.h */,
				ECCA909B19DEE2060007831F /* JSONHTTPClient.m */,
				ECCA909C19DEE2060007831F /* JSONModel+networking.h */,
				ECCA909D19DEE2060007831F /* JSONModel+networking.m */,
			);
			path = JSONModelNetworking;
			sourceTree = "<group>";
		};
		ECCA909E19DEE2060007831F /* JSONModelTransformations */ = {
			isa = PBXGroup;
			children = (
				ECCA909F19DEE2060007831F /* JSONKeyMapper.h */,
				ECCA90A019DEE2060007831F /* JSONKeyMapper.m */,
				ECCA90A119DEE2060007831F /* JSONValueTransformer.h */,
				ECCA90A219DEE2060007831F /* JSONValueTransformer.m */,
			);
			path = JSONModelTransformations;
			sourceTree = "<group>";
		};
		ECCA90AD19DEE3920007831F /* Login */ = {
			isa = PBXGroup;
			children = (
				ECCA90AE19DEE3B90007831F /* LoginJson.h */,
				ECCA90AF19DEE3B90007831F /* LoginJson.m */,
				ECCA90B019DEE3B90007831F /* LoginResponse.h */,
				ECCA90B119DEE3B90007831F /* LoginResponse.m */,
			);
			name = Login;
			sourceTree = "<group>";
		};
/* End PBXGroup section */

/* Begin PBXNativeTarget section */
		D70428B119D0071F00F5C38C /* CityMobilDriver */ = {
			isa = PBXNativeTarget;
			buildConfigurationList = D70428D519D0072000F5C38C /* Build configuration list for PBXNativeTarget "CityMobilDriver" */;
			buildPhases = (
				D70428AE19D0071F00F5C38C /* Sources */,
				D70428AF19D0071F00F5C38C /* Frameworks */,
				D70428B019D0071F00F5C38C /* Resources */,
			);
			buildRules = (
			);
			dependencies = (
			);
			name = CityMobilDriver;
			productName = CityMobilDriver;
			productReference = D70428B219D0071F00F5C38C /* CityMobilDriver.app */;
			productType = "com.apple.product-type.application";
		};
		D70428CA19D0072000F5C38C /* CityMobilDriverTests */ = {
			isa = PBXNativeTarget;
			buildConfigurationList = D70428D819D0072000F5C38C /* Build configuration list for PBXNativeTarget "CityMobilDriverTests" */;
			buildPhases = (
				D70428C719D0072000F5C38C /* Sources */,
				D70428C819D0072000F5C38C /* Frameworks */,
				D70428C919D0072000F5C38C /* Resources */,
			);
			buildRules = (
			);
			dependencies = (
				D70428CD19D0072000F5C38C /* PBXTargetDependency */,
			);
			name = CityMobilDriverTests;
			productName = CityMobilDriverTests;
			productReference = D70428CB19D0072000F5C38C /* CityMobilDriverTests.xctest */;
			productType = "com.apple.product-type.bundle.unit-test";
		};
/* End PBXNativeTarget section */

/* Begin PBXProject section */
		D70428AA19D0071F00F5C38C /* Project object */ = {
			isa = PBXProject;
			attributes = {
				LastUpgradeCheck = 0600;
				ORGANIZATIONNAME = "Davit Baghdagyulyan";
				TargetAttributes = {
					D70428B119D0071F00F5C38C = {
						CreatedOnToolsVersion = 6.0.1;
					};
					D70428CA19D0072000F5C38C = {
						CreatedOnToolsVersion = 6.0.1;
						TestTargetID = D70428B119D0071F00F5C38C;
					};
				};
			};
			buildConfigurationList = D70428AD19D0071F00F5C38C /* Build configuration list for PBXProject "CityMobilDriver" */;
			compatibilityVersion = "Xcode 3.2";
			developmentRegion = English;
			hasScannedForEncodings = 0;
			knownRegions = (
				en,
				Base,
			);
			mainGroup = D70428A919D0071F00F5C38C;
			productRefGroup = D70428B319D0071F00F5C38C /* Products */;
			projectDirPath = "";
			projectRoot = "";
			targets = (
				D70428B119D0071F00F5C38C /* CityMobilDriver */,
				D70428CA19D0072000F5C38C /* CityMobilDriverTests */,
			);
		};
/* End PBXProject section */

/* Begin PBXResourcesBuildPhase section */
		D70428B019D0071F00F5C38C /* Resources */ = {
			isa = PBXResourcesBuildPhase;
			buildActionMask = 2147483647;
			files = (
				8F8D322C19E3FA7F003232F7 /* RobotoCondensed-Light.ttf in Resources */,
				8F8D322A19E3C7D2003232F7 /* RobotoCondensed-Regular.ttf in Resources */,
				8F8D322819E3BC67003232F7 /* RobotoCondensed-Bold.ttf in Resources */,
				8F52FB5319E7DC1000585B40 /* metroAndroid.png in Resources */,
				8F8D322719E3BC57003232F7 /* Roboto-Regular.ttf in Resources */,
				8F52FB5119E7CA9000585B40 /* CustomCellSelectedOrders.xib in Resources */,
				8F8D322619E3BC4E003232F7 /* MyriadPro-Regular.otf in Resources */,
				8FCCBBC219E2DE2600BD9BC1 /* ch@2x.png in Resources */,
				8FE032F019DEC81B00B17C09 /* gps@2x.png in Resources */,
				8FB6DC9619E6BB4D00671A4B /* ic_cash_payment_small.png in Resources */,
				D70428C119D0071F00F5C38C /* Main.storyboard in Resources */,
				D70428C619D0071F00F5C38C /* LaunchScreen.xib in Resources */,
				8FE032DE19DE8AD000B17C09 /* CustomCell.xib in Resources */,
				8FDF958219DE7E60005A468A /* logo@2x.png in Resources */,
				ECE2553719DBF1E9000BD8C9 /* bg.png in Resources */,
				ECB1C16D19E2A19A0027F482 /* MessagesCell.xib in Resources */,
				8FE032F219DEC83B00B17C09 /* icon@2x.png in Resources */,
				8FE032F419DEC84A00B17C09 /* icon2@2x.png in Resources */,
				8FE032F619DEC86900B17C09 /* icon3@2x.png in Resources */,
				8FCCBBC019E2DDC400BD9BC1 /* chat1@2x.png in Resources */,
				D70428C319D0071F00F5C38C /* Images.xcassets in Resources */,
				8FE032EE19DEC80D00B17C09 /* phone@2x.png in Resources */,
				8FB6DC9819E6BB5500671A4B /* ic_smoking_lounge_small.png in Resources */,
				8FE032EC19DEC80600B17C09 /* ya@2x.png in Resources */,
			);
			runOnlyForDeploymentPostprocessing = 0;
		};
		D70428C919D0072000F5C38C /* Resources */ = {
			isa = PBXResourcesBuildPhase;
			buildActionMask = 2147483647;
			files = (
			);
			runOnlyForDeploymentPostprocessing = 0;
		};
/* End PBXResourcesBuildPhase section */

/* Begin PBXSourcesBuildPhase section */
		D70428AE19D0071F00F5C38C /* Sources */ = {
			isa = PBXSourcesBuildPhase;
			buildActionMask = 2147483647;
			files = (
				ECCA90A919DEE2060007831F /* JSONHTTPClient.m in Sources */,
				ECCA90A819DEE2060007831F /* JSONAPI.m in Sources */,
				EC40D44019E43258007BA02C /* MailResponse.m in Sources */,
				EC40D43D19E4323C007BA02C /* MailJson.m in Sources */,
				ECCA90A619DEE2060007831F /* JSONModelError.m in Sources */,
				ECCA90B219DEE3B90007831F /* LoginJson.m in Sources */,
				ECBB5A9D19D457F5009A151D /* LeftViewCellObject.m in Sources */,
				ECF40D5619D2D3C800699A2F /* LoginViewController.m in Sources */,
				ECCA90B319DEE3B90007831F /* LoginResponse.m in Sources */,
				D70428BE19D0071F00F5C38C /* RootViewController.m in Sources */,
				8F5AA8D319E58013003AEDED /* OrdersElements.m in Sources */,
				D70428BB19D0071F00F5C38C /* AppDelegate.m in Sources */,
				ECCA90A519DEE2060007831F /* JSONModelClassProperty.m in Sources */,
				ECCA90A719DEE2060007831F /* NSArray+JSONModel.m in Sources */,
				8F5AA8CD19E57B84003AEDED /* OrdersJson.m in Sources */,
				8FE032E419DE8B3600B17C09 /* CustomCell.m in Sources */,
				ECCA90A419DEE2060007831F /* JSONModelArray.m in Sources */,
				EC40D44419E436C5007BA02C /* MailElements.m in Sources */,
				ECCA90AC19DEE2060007831F /* JSONValueTransformer.m in Sources */,
				ECCA90AB19DEE2060007831F /* JSONKeyMapper.m in Sources */,
				D70428B819D0071F00F5C38C /* main.m in Sources */,
				ECCA90A319DEE2060007831F /* JSONModel.m in Sources */,
				8FE032EA19DE97B700B17C09 /* CellObject.m in Sources */,
				ECF40D5919D2DD3900699A2F /* UINavigationController+UINavigationController_shouldAutorotate.m in Sources */,
				8FB6DC9419E6A8E200671A4B /* SelectedOrdersViewController.m in Sources */,
				8FB6DC9D19E6BEA200671A4B /* CustomCellSelectedOrders.m in Sources */,
				ECB1C17019E2AB730027F482 /* MessagesCell.m in Sources */,
				EC55988B19E5364900877CBC /* SingleDataProvider.m in Sources */,
				8F5AA8D019E57FAB003AEDED /* OrdersResponse.m in Sources */,
				ECCA90AA19DEE2060007831F /* JSONModel+networking.m in Sources */,
				ECB1C16B19E284000027F482 /* MessagesViewController.m in Sources */,
			);
			runOnlyForDeploymentPostprocessing = 0;
		};
		D70428C719D0072000F5C38C /* Sources */ = {
			isa = PBXSourcesBuildPhase;
			buildActionMask = 2147483647;
			files = (
				D70428D219D0072000F5C38C /* CityMobilDriverTests.m in Sources */,
			);
			runOnlyForDeploymentPostprocessing = 0;
		};
/* End PBXSourcesBuildPhase section */

/* Begin PBXTargetDependency section */
		D70428CD19D0072000F5C38C /* PBXTargetDependency */ = {
			isa = PBXTargetDependency;
			target = D70428B119D0071F00F5C38C /* CityMobilDriver */;
			targetProxy = D70428CC19D0072000F5C38C /* PBXContainerItemProxy */;
		};
/* End PBXTargetDependency section */

/* Begin PBXVariantGroup section */
		D70428BF19D0071F00F5C38C /* Main.storyboard */ = {
			isa = PBXVariantGroup;
			children = (
				D70428C019D0071F00F5C38C /* Base */,
			);
			name = Main.storyboard;
			sourceTree = "<group>";
		};
		D70428C419D0071F00F5C38C /* LaunchScreen.xib */ = {
			isa = PBXVariantGroup;
			children = (
				D70428C519D0071F00F5C38C /* Base */,
			);
			name = LaunchScreen.xib;
			sourceTree = "<group>";
		};
/* End PBXVariantGroup section */

/* Begin XCBuildConfiguration section */
		D70428D319D0072000F5C38C /* Debug */ = {
			isa = XCBuildConfiguration;
			buildSettings = {
				ALWAYS_SEARCH_USER_PATHS = NO;
				CLANG_CXX_LANGUAGE_STANDARD = "gnu++0x";
				CLANG_CXX_LIBRARY = "libc++";
				CLANG_ENABLE_MODULES = YES;
				CLANG_ENABLE_OBJC_ARC = YES;
				CLANG_WARN_BOOL_CONVERSION = YES;
				CLANG_WARN_CONSTANT_CONVERSION = YES;
				CLANG_WARN_DIRECT_OBJC_ISA_USAGE = YES_ERROR;
				CLANG_WARN_EMPTY_BODY = YES;
				CLANG_WARN_ENUM_CONVERSION = YES;
				CLANG_WARN_INT_CONVERSION = YES;
				CLANG_WARN_OBJC_ROOT_CLASS = YES_ERROR;
				CLANG_WARN_UNREACHABLE_CODE = YES;
				CLANG_WARN__DUPLICATE_METHOD_MATCH = YES;
				"CODE_SIGN_IDENTITY[sdk=iphoneos*]" = "iPhone Developer";
				COPY_PHASE_STRIP = NO;
				ENABLE_STRICT_OBJC_MSGSEND = YES;
				GCC_C_LANGUAGE_STANDARD = gnu99;
				GCC_DYNAMIC_NO_PIC = NO;
				GCC_OPTIMIZATION_LEVEL = 0;
				GCC_PREPROCESSOR_DEFINITIONS = (
					"DEBUG=1",
					"$(inherited)",
				);
				GCC_SYMBOLS_PRIVATE_EXTERN = NO;
				GCC_WARN_64_TO_32_BIT_CONVERSION = YES;
				GCC_WARN_ABOUT_RETURN_TYPE = YES_ERROR;
				GCC_WARN_UNDECLARED_SELECTOR = YES;
				GCC_WARN_UNINITIALIZED_AUTOS = YES_AGGRESSIVE;
				GCC_WARN_UNUSED_FUNCTION = YES;
				GCC_WARN_UNUSED_VARIABLE = YES;
				IPHONEOS_DEPLOYMENT_TARGET = 8.0;
				MTL_ENABLE_DEBUG_INFO = YES;
				ONLY_ACTIVE_ARCH = YES;
				SDKROOT = iphoneos;
			};
			name = Debug;
		};
		D70428D419D0072000F5C38C /* Release */ = {
			isa = XCBuildConfiguration;
			buildSettings = {
				ALWAYS_SEARCH_USER_PATHS = NO;
				CLANG_CXX_LANGUAGE_STANDARD = "gnu++0x";
				CLANG_CXX_LIBRARY = "libc++";
				CLANG_ENABLE_MODULES = YES;
				CLANG_ENABLE_OBJC_ARC = YES;
				CLANG_WARN_BOOL_CONVERSION = YES;
				CLANG_WARN_CONSTANT_CONVERSION = YES;
				CLANG_WARN_DIRECT_OBJC_ISA_USAGE = YES_ERROR;
				CLANG_WARN_EMPTY_BODY = YES;
				CLANG_WARN_ENUM_CONVERSION = YES;
				CLANG_WARN_INT_CONVERSION = YES;
				CLANG_WARN_OBJC_ROOT_CLASS = YES_ERROR;
				CLANG_WARN_UNREACHABLE_CODE = YES;
				CLANG_WARN__DUPLICATE_METHOD_MATCH = YES;
				"CODE_SIGN_IDENTITY[sdk=iphoneos*]" = "iPhone Developer";
				COPY_PHASE_STRIP = YES;
				ENABLE_NS_ASSERTIONS = NO;
				ENABLE_STRICT_OBJC_MSGSEND = YES;
				GCC_C_LANGUAGE_STANDARD = gnu99;
				GCC_WARN_64_TO_32_BIT_CONVERSION = YES;
				GCC_WARN_ABOUT_RETURN_TYPE = YES_ERROR;
				GCC_WARN_UNDECLARED_SELECTOR = YES;
				GCC_WARN_UNINITIALIZED_AUTOS = YES_AGGRESSIVE;
				GCC_WARN_UNUSED_FUNCTION = YES;
				GCC_WARN_UNUSED_VARIABLE = YES;
				IPHONEOS_DEPLOYMENT_TARGET = 8.0;
				MTL_ENABLE_DEBUG_INFO = NO;
				SDKROOT = iphoneos;
				VALIDATE_PRODUCT = YES;
			};
			name = Release;
		};
		D70428D619D0072000F5C38C /* Debug */ = {
			isa = XCBuildConfiguration;
			buildSettings = {
				ASSETCATALOG_COMPILER_APPICON_NAME = AppIcon;
				INFOPLIST_FILE = CityMobilDriver/Info.plist;
				LD_RUNPATH_SEARCH_PATHS = "$(inherited) @executable_path/Frameworks";
				PRODUCT_NAME = "$(TARGET_NAME)";
			};
			name = Debug;
		};
		D70428D719D0072000F5C38C /* Release */ = {
			isa = XCBuildConfiguration;
			buildSettings = {
				ASSETCATALOG_COMPILER_APPICON_NAME = AppIcon;
				INFOPLIST_FILE = CityMobilDriver/Info.plist;
				LD_RUNPATH_SEARCH_PATHS = "$(inherited) @executable_path/Frameworks";
				PRODUCT_NAME = "$(TARGET_NAME)";
			};
			name = Release;
		};
		D70428D919D0072000F5C38C /* Debug */ = {
			isa = XCBuildConfiguration;
			buildSettings = {
				BUNDLE_LOADER = "$(TEST_HOST)";
				FRAMEWORK_SEARCH_PATHS = (
					"$(SDKROOT)/Developer/Library/Frameworks",
					"$(inherited)",
				);
				GCC_PREPROCESSOR_DEFINITIONS = (
					"DEBUG=1",
					"$(inherited)",
				);
				INFOPLIST_FILE = CityMobilDriverTests/Info.plist;
				LD_RUNPATH_SEARCH_PATHS = "$(inherited) @executable_path/Frameworks @loader_path/Frameworks";
				PRODUCT_NAME = "$(TARGET_NAME)";
				TEST_HOST = "$(BUILT_PRODUCTS_DIR)/CityMobilDriver.app/CityMobilDriver";
			};
			name = Debug;
		};
		D70428DA19D0072000F5C38C /* Release */ = {
			isa = XCBuildConfiguration;
			buildSettings = {
				BUNDLE_LOADER = "$(TEST_HOST)";
				FRAMEWORK_SEARCH_PATHS = (
					"$(SDKROOT)/Developer/Library/Frameworks",
					"$(inherited)",
				);
				INFOPLIST_FILE = CityMobilDriverTests/Info.plist;
				LD_RUNPATH_SEARCH_PATHS = "$(inherited) @executable_path/Frameworks @loader_path/Frameworks";
				PRODUCT_NAME = "$(TARGET_NAME)";
				TEST_HOST = "$(BUILT_PRODUCTS_DIR)/CityMobilDriver.app/CityMobilDriver";
			};
			name = Release;
		};
/* End XCBuildConfiguration section */

/* Begin XCConfigurationList section */
		D70428AD19D0071F00F5C38C /* Build configuration list for PBXProject "CityMobilDriver" */ = {
			isa = XCConfigurationList;
			buildConfigurations = (
				D70428D319D0072000F5C38C /* Debug */,
				D70428D419D0072000F5C38C /* Release */,
			);
			defaultConfigurationIsVisible = 0;
			defaultConfigurationName = Release;
		};
		D70428D519D0072000F5C38C /* Build configuration list for PBXNativeTarget "CityMobilDriver" */ = {
			isa = XCConfigurationList;
			buildConfigurations = (
				D70428D619D0072000F5C38C /* Debug */,
				D70428D719D0072000F5C38C /* Release */,
			);
			defaultConfigurationIsVisible = 0;
			defaultConfigurationName = Release;
		};
		D70428D819D0072000F5C38C /* Build configuration list for PBXNativeTarget "CityMobilDriverTests" */ = {
			isa = XCConfigurationList;
			buildConfigurations = (
				D70428D919D0072000F5C38C /* Debug */,
				D70428DA19D0072000F5C38C /* Release */,
			);
			defaultConfigurationIsVisible = 0;
			defaultConfigurationName = Release;
		};
/* End XCConfigurationList section */
	};
	rootObject = D70428AA19D0071F00F5C38C /* Project object */;
}
